
Microsoft Visual Studio Solution File, Format Version 12.00
# Visual Studio Version 16
VisualStudioVersion = 16.0.31424.327
MinimumVisualStudioVersion = 10.0.40219.1
Project("{FAE04EC0-301F-11D3-BF4B-00C04F79EFBC}") = "InteractiveInvestorTest", "InteractiveInvestorTest.csproj", "{01B8A0C9-3CE7-49F2-B6F0-15964C9C60E9}"
EndProject
Global
	GlobalSection(SolutionConfigurationPlatforms) = preSolution
		Debug|Any CPU = Debug|Any CPU
		Release|Any CPU = Release|Any CPU
	EndGlobalSection
	GlobalSection(ProjectConfigurationPlatforms) = postSolution
		{01B8A0C9-3CE7-49F2-B6F0-15964C9C60E9}.Debug|Any CPU.ActiveCfg = Debug|Any CPU
		{01B8A0C9-3CE7-49F2-B6F0-15964C9C60E9}.Debug|Any CPU.Build.0 = Debug|Any CPU
		{01B8A0C9-3CE7-49F2-B6F0-15964C9C60E9}.Release|Any CPU.ActiveCfg = Release|Any CPU
		{01B8A0C9-3CE7-49F2-B6F0-15964C9C60E9}.Release|Any CPU.Build.0 = Release|Any CPU
	EndGlobalSection
	GlobalSection(SolutionProperties) = preSolution
		HideSolutionNode = FALSE
	EndGlobalSection
	GlobalSection(ExtensibilityGlobals) = postSolution
		SolutionGuid = {4B1DB17E-D6A2-49FE-92A0-6641725AB1E9}
	EndGlobalSection
EndGlobal
